
Microsoft Visual Studio Solution File, Format Version 12.00
# Visual Studio Version 16
VisualStudioVersion = 16.0.30523.141
MinimumVisualStudioVersion = 10.0.40219.1
Project("{FAE04EC0-301F-11D3-BF4B-00C04F79EFBC}") = "EmployeeManager.ServerApp", "EmployeeManager.ServerApp\EmployeeManager.ServerApp.csproj", "{5E7D34F9-54A6-4984-98DB-BD306310EE56}"
EndProject
Project("{E24C65DC-7377-472B-9ABA-BC803B73C61A}") = "EmployeeManager.ClientApp", "..\EmployeeManager.ClientApp\", "{11576351-7999-4BF7-A5A8-42F5BF8F6160}"
	ProjectSection(WebsiteProperties) = preProject
		TargetFrameworkMoniker = ".NETFramework,Version%3Dv4.0"
		Debug.AspNetCompiler.VirtualPath = "/localhost_53748"
		Debug.AspNetCompiler.PhysicalPath = "..\EmployeeManager.ClientApp\"
		Debug.AspNetCompiler.TargetPath = "PrecompiledWeb\localhost_53748\"
		Debug.AspNetCompiler.Updateable = "true"
		Debug.AspNetCompiler.ForceOverwrite = "true"
		Debug.AspNetCompiler.FixedNames = "false"
		Debug.AspNetCompiler.Debug = "True"
		Release.AspNetCompiler.VirtualPath = "/localhost_53748"
		Release.AspNetCompiler.PhysicalPath = "..\EmployeeManager.ClientApp\"
		Release.AspNetCompiler.TargetPath = "PrecompiledWeb\localhost_53748\"
		Release.AspNetCompiler.Updateable = "true"
		Release.AspNetCompiler.ForceOverwrite = "true"
		Release.AspNetCompiler.FixedNames = "false"
		Release.AspNetCompiler.Debug = "False"
		VWDPort = "53748"
		SlnRelativePath = "..\EmployeeManager.ClientApp\"
	EndProjectSection
EndProject
Global
	GlobalSection(SolutionConfigurationPlatforms) = preSolution
		Debug|Any CPU = Debug|Any CPU
		Release|Any CPU = Release|Any CPU
	EndGlobalSection
	GlobalSection(ProjectConfigurationPlatforms) = postSolution
		{5E7D34F9-54A6-4984-98DB-BD306310EE56}.Debug|Any CPU.ActiveCfg = Debug|Any CPU
		{5E7D34F9-54A6-4984-98DB-BD306310EE56}.Debug|Any CPU.Build.0 = Debug|Any CPU
		{5E7D34F9-54A6-4984-98DB-BD306310EE56}.Release|Any CPU.ActiveCfg = Release|Any CPU
		{5E7D34F9-54A6-4984-98DB-BD306310EE56}.Release|Any CPU.Build.0 = Release|Any CPU
		{11576351-7999-4BF7-A5A8-42F5BF8F6160}.Debug|Any CPU.ActiveCfg = Debug|Any CPU
		{11576351-7999-4BF7-A5A8-42F5BF8F6160}.Debug|Any CPU.Build.0 = Debug|Any CPU
		{11576351-7999-4BF7-A5A8-42F5BF8F6160}.Release|Any CPU.ActiveCfg = Debug|Any CPU
		{11576351-7999-4BF7-A5A8-42F5BF8F6160}.Release|Any CPU.Build.0 = Debug|Any CPU
	EndGlobalSection
	GlobalSection(SolutionProperties) = preSolution
		HideSolutionNode = FALSE
	EndGlobalSection
	GlobalSection(ExtensibilityGlobals) = postSolution
		SolutionGuid = {616F8835-228C-4923-90F0-AFB038EEA10C}
	EndGlobalSection
EndGlobal
